
Microsoft Visual Studio Solution File, Format Version 12.00
# Visual Studio Version 16
VisualStudioVersion = 16.0.30503.244
MinimumVisualStudioVersion = 10.0.40219.1
Project("{9A19103F-16F7-4668-BE54-9A1E7A4F7556}") = "UsingDotNetLiquid", "UsingDotNetLiquid\UsingDotNetLiquid.csproj", "{F76D67C3-D500-4D67-B87A-39DDEFFCC7B2}"
EndProject
Global
	GlobalSection(SolutionConfigurationPlatforms) = preSolution
		Debug|Any CPU = Debug|Any CPU
		Release|Any CPU = Release|Any CPU
	EndGlobalSection
	GlobalSection(ProjectConfigurationPlatforms) = postSolution
		{F76D67C3-D500-4D67-B87A-39DDEFFCC7B2}.Debug|Any CPU.ActiveCfg = Debug|Any CPU
		{F76D67C3-D500-4D67-B87A-39DDEFFCC7B2}.Debug|Any CPU.Build.0 = Debug|Any CPU
		{F76D67C3-D500-4D67-B87A-39DDEFFCC7B2}.Release|Any CPU.ActiveCfg = Release|Any CPU
		{F76D67C3-D500-4D67-B87A-39DDEFFCC7B2}.Release|Any CPU.Build.0 = Release|Any CPU
	EndGlobalSection
	GlobalSection(SolutionProperties) = preSolution
		HideSolutionNode = FALSE
	EndGlobalSection
	GlobalSection(ExtensibilityGlobals) = postSolution
		SolutionGuid = {F817FA0B-F0BD-4E5D-A805-2E6D1FBBB5BA}
	EndGlobalSection
EndGlobal
